
Microsoft Visual Studio Solution File, Format Version 12.00
# Visual Studio Version 16
VisualStudioVersion = 16.0.29123.88
MinimumVisualStudioVersion = 10.0.40219.1
Project("{FAE04EC0-301F-11D3-BF4B-00C04F79EFBC}") = "Project", "Project\Project.csproj", "{37BB8E93-5A3A-4BE1-B2C3-30B51F1E8A4B}"
EndProject
Global
	GlobalSection(SolutionConfigurationPlatforms) = preSolution
		Debug|Any CPU = Debug|Any CPU
		Release|Any CPU = Release|Any CPU
	EndGlobalSection
	GlobalSection(ProjectConfigurationPlatforms) = postSolution
		{37BB8E93-5A3A-4BE1-B2C3-30B51F1E8A4B}.Debug|Any CPU.ActiveCfg = Debug|Any CPU
		{37BB8E93-5A3A-4BE1-B2C3-30B51F1E8A4B}.Debug|Any CPU.Build.0 = Debug|Any CPU
		{37BB8E93-5A3A-4BE1-B2C3-30B51F1E8A4B}.Release|Any CPU.ActiveCfg = Release|Any CPU
		{37BB8E93-5A3A-4BE1-B2C3-30B51F1E8A4B}.Release|Any CPU.Build.0 = Release|Any CPU
	EndGlobalSection
	GlobalSection(SolutionProperties) = preSolution
		HideSolutionNode = FALSE
	EndGlobalSection
	GlobalSection(ExtensibilityGlobals) = postSolution
		SolutionGuid = {E6A69A63-AC0A-48F9-9D77-190114C556C1}
	EndGlobalSection
EndGlobal
